// !$*UTF8*$!
{
	archiveVersion = 1;
	classes = {
	};
	objectVersion = 50;
	objects = {

/* Begin PBXBuildFile section */
		4FB0E508225A5D4400EFACB0 /* AppDelegate.swift in Sources */ = {isa = PBXBuildFile; fileRef = 4FB0E507225A5D4400EFACB0 /* AppDelegate.swift */; };
		4FB0E50C225A5D4600EFACB0 /* Assets.xcassets in Resources */ = {isa = PBXBuildFile; fileRef = 4FB0E50B225A5D4600EFACB0 /* Assets.xcassets */; };
		4FB0E50F225A5D4600EFACB0 /* Main.storyboard in Resources */ = {isa = PBXBuildFile; fileRef = 4FB0E50D225A5D4600EFACB0 /* Main.storyboard */; };
		4FB0E51A225A634C00EFACB0 /* Starscream.framework in Frameworks */ = {isa = PBXBuildFile; fileRef = 4FB0E519225A634C00EFACB0 /* Starscream.framework */; };
		4FB0E51B225A634C00EFACB0 /* Starscream.framework in Embed Frameworks */ = {isa = PBXBuildFile; fileRef = 4FB0E519225A634C00EFACB0 /* Starscream.framework */; settings = {ATTRIBUTES = (CodeSignOnCopy, RemoveHeadersOnCopy, ); }; };
		4FB0E51E225A63BE00EFACB0 /* BiliBiliHaishinRoom.swift in Sources */ = {isa = PBXBuildFile; fileRef = 4FB0E51D225A63BE00EFACB0 /* BiliBiliHaishinRoom.swift */; };
		4FB0E521225A64E800EFACB0 /* URLSessionSync.swift in Sources */ = {isa = PBXBuildFile; fileRef = 4FB0E520225A64E800EFACB0 /* URLSessionSync.swift */; };
		4FB0E524225A660400EFACB0 /* BiliBiliHaishinRoomJSON.swift in Sources */ = {isa = PBXBuildFile; fileRef = 4FB0E523225A660400EFACB0 /* BiliBiliHaishinRoomJSON.swift */; };
		4FB0E52C225A676F00EFACB0 /* DanmakuScreenTests.swift in Sources */ = {isa = PBXBuildFile; fileRef = 4FB0E52B225A676F00EFACB0 /* DanmakuScreenTests.swift */; };
		4FB0E533225A67F300EFACB0 /* BiliBiliHaishinRoom.swift in Sources */ = {isa = PBXBuildFile; fileRef = 4FB0E51D225A63BE00EFACB0 /* BiliBiliHaishinRoom.swift */; };
		4FB0E534225A67F600EFACB0 /* BiliBiliHaishinRoomJSON.swift in Sources */ = {isa = PBXBuildFile; fileRef = 4FB0E523225A660400EFACB0 /* BiliBiliHaishinRoomJSON.swift */; };
		4FB0E535225A67FB00EFACB0 /* URLSessionSync.swift in Sources */ = {isa = PBXBuildFile; fileRef = 4FB0E520225A64E800EFACB0 /* URLSessionSync.swift */; };
		4FB0E537225A6B2D00EFACB0 /* BiliBiliHaishinPacket.swift in Sources */ = {isa = PBXBuildFile; fileRef = 4FB0E536225A6B2D00EFACB0 /* BiliBiliHaishinPacket.swift */; };
		4FB0E539225A6B6C00EFACB0 /* ByteArray.swift in Sources */ = {isa = PBXBuildFile; fileRef = 4FB0E538225A6B6C00EFACB0 /* ByteArray.swift */; };
		4FB0E53A225A6B6F00EFACB0 /* ByteArray.swift in Sources */ = {isa = PBXBuildFile; fileRef = 4FB0E538225A6B6C00EFACB0 /* ByteArray.swift */; };
		4FB0E53C225A6BAA00EFACB0 /* ExpressibleByIntegerLiteral+Extension.swift in Sources */ = {isa = PBXBuildFile; fileRef = 4FB0E53B225A6BAA00EFACB0 /* ExpressibleByIntegerLiteral+Extension.swift */; };
		4FB0E53D225A717600EFACB0 /* BiliBiliHaishinPacket.swift in Sources */ = {isa = PBXBuildFile; fileRef = 4FB0E536225A6B2D00EFACB0 /* BiliBiliHaishinPacket.swift */; };
		4FB0E53E225A717E00EFACB0 /* ExpressibleByIntegerLiteral+Extension.swift in Sources */ = {isa = PBXBuildFile; fileRef = 4FB0E53B225A6BAA00EFACB0 /* ExpressibleByIntegerLiteral+Extension.swift */; };
		4FB0E540225A75F100EFACB0 /* BiliBiliHaishinRoomDelegate.swift in Sources */ = {isa = PBXBuildFile; fileRef = 4FB0E53F225A75F100EFACB0 /* BiliBiliHaishinRoomDelegate.swift */; };
		4FB0E541225A769B00EFACB0 /* BiliBiliHaishinRoomDelegate.swift in Sources */ = {isa = PBXBuildFile; fileRef = 4FB0E53F225A75F100EFACB0 /* BiliBiliHaishinRoomDelegate.swift */; };
		4FB0E543225A7B7F00EFACB0 /* BiliBiliHaishinPacketDispatcher.swift in Sources */ = {isa = PBXBuildFile; fileRef = 4FB0E542225A7B7F00EFACB0 /* BiliBiliHaishinPacketDispatcher.swift */; };
		4FB0E546225B05C200EFACB0 /* BiliBiliHaishinPacketDispatcherDelegate.swift in Sources */ = {isa = PBXBuildFile; fileRef = 4FB0E545225B05C200EFACB0 /* BiliBiliHaishinPacketDispatcherDelegate.swift */; };
		4FB0E547225B06C700EFACB0 /* BiliBiliHaishinPacketDispatcher.swift in Sources */ = {isa = PBXBuildFile; fileRef = 4FB0E542225A7B7F00EFACB0 /* BiliBiliHaishinPacketDispatcher.swift */; };
		4FB0E54B225B349100EFACB0 /* SnapKit.framework in Frameworks */ = {isa = PBXBuildFile; fileRef = 4FB0E54A225B349100EFACB0 /* SnapKit.framework */; };
		4FB0E54C225B349100EFACB0 /* SnapKit.framework in Embed Frameworks */ = {isa = PBXBuildFile; fileRef = 4FB0E54A225B349100EFACB0 /* SnapKit.framework */; settings = {ATTRIBUTES = (CodeSignOnCopy, RemoveHeadersOnCopy, ); }; };
		4FB0E551225B34F300EFACB0 /* DanmakuView.swift in Sources */ = {isa = PBXBuildFile; fileRef = 4FB0E550225B34F300EFACB0 /* DanmakuView.swift */; };
		4FB0E553225B350400EFACB0 /* DanmakuBoardView.swift in Sources */ = {isa = PBXBuildFile; fileRef = 4FB0E552225B350400EFACB0 /* DanmakuBoardView.swift */; };
		4FB0E556225B354600EFACB0 /* DanmakuViewController.swift in Sources */ = {isa = PBXBuildFile; fileRef = 4FB0E555225B354600EFACB0 /* DanmakuViewController.swift */; };
		4FB0E559225B359F00EFACB0 /* DanmakuModel.swift in Sources */ = {isa = PBXBuildFile; fileRef = 4FB0E558225B359F00EFACB0 /* DanmakuModel.swift */; };
		4FB0E55B225B3FE300EFACB0 /* BiliBiliHaishinRoomOpenViewController.swift in Sources */ = {isa = PBXBuildFile; fileRef = 4FB0E55A225B3FE300EFACB0 /* BiliBiliHaishinRoomOpenViewController.swift */; };
		4FB4D37A225C7455000EC9B3 /* DataCompression.swift in Sources */ = {isa = PBXBuildFile; fileRef = 4FB4D379225C7455000EC9B3 /* DataCompression.swift */; };
		4FB4D37B225C74AF000EC9B3 /* DataCompression.swift in Sources */ = {isa = PBXBuildFile; fileRef = 4FB4D379225C7455000EC9B3 /* DataCompression.swift */; };
/* End PBXBuildFile section */

/* Begin PBXContainerItemProxy section */
		4FB0E52E225A676F00EFACB0 /* PBXContainerItemProxy */ = {
			isa = PBXContainerItemProxy;
			containerPortal = 4FB0E4FC225A5D4400EFACB0 /* Project object */;
			proxyType = 1;
			remoteGlobalIDString = 4FB0E503225A5D4400EFACB0;
			remoteInfo = DanmakuScreen;
		};
/* End PBXContainerItemProxy section */

/* Begin PBXCopyFilesBuildPhase section */
		4FB0E51C225A634C00EFACB0 /* Embed Frameworks */ = {
			isa = PBXCopyFilesBuildPhase;
			buildActionMask = 2147483647;
			dstPath = "";
			dstSubfolderSpec = 10;
			files = (
				4FB0E51B225A634C00EFACB0 /* Starscream.framework in Embed Frameworks */,
				4FB0E54C225B349100EFACB0 /* SnapKit.framework in Embed Frameworks */,
			);
			name = "Embed Frameworks";
			runOnlyForDeploymentPostprocessing = 0;
		};
/* End PBXCopyFilesBuildPhase section */

/* Begin PBXFileReference section */
		4FB0E504225A5D4400EFACB0 /* DanmakuScreen.app */ = {isa = PBXFileReference; explicitFileType = wrapper.application; includeInIndex = 0; path = DanmakuScreen.app; sourceTree = BUILT_PRODUCTS_DIR; };
		4FB0E507225A5D4400EFACB0 /* AppDelegate.swift */ = {isa = PBXFileReference; lastKnownFileType = sourcecode.swift; path = AppDelegate.swift; sourceTree = "<group>"; };
		4FB0E50B225A5D4600EFACB0 /* Assets.xcassets */ = {isa = PBXFileReference; lastKnownFileType = folder.assetcatalog; path = Assets.xcassets; sourceTree = "<group>"; };
		4FB0E50E225A5D4600EFACB0 /* Base */ = {isa = PBXFileReference; lastKnownFileType = file.storyboard; name = Base; path = Base.lproj/Main.storyboard; sourceTree = "<group>"; };
		4FB0E510225A5D4600EFACB0 /* Info.plist */ = {isa = PBXFileReference; lastKnownFileType = text.plist.xml; path = Info.plist; sourceTree = "<group>"; };
		4FB0E511225A5D4600EFACB0 /* DanmakuScreen.entitlements */ = {isa = PBXFileReference; lastKnownFileType = text.plist.entitlements; path = DanmakuScreen.entitlements; sourceTree = "<group>"; };
		4FB0E519225A634C00EFACB0 /* Starscream.framework */ = {isa = PBXFileReference; explicitFileType = wrapper.framework; path = Starscream.framework; sourceTree = BUILT_PRODUCTS_DIR; };
		4FB0E51D225A63BE00EFACB0 /* BiliBiliHaishinRoom.swift */ = {isa = PBXFileReference; lastKnownFileType = sourcecode.swift; path = BiliBiliHaishinRoom.swift; sourceTree = "<group>"; };
		4FB0E520225A64E800EFACB0 /* URLSessionSync.swift */ = {isa = PBXFileReference; fileEncoding = 4; lastKnownFileType = sourcecode.swift; path = URLSessionSync.swift; sourceTree = "<group>"; };
		4FB0E523225A660400EFACB0 /* BiliBiliHaishinRoomJSON.swift */ = {isa = PBXFileReference; lastKnownFileType = sourcecode.swift; path = BiliBiliHaishinRoomJSON.swift; sourceTree = "<group>"; };
		4FB0E529225A676F00EFACB0 /* DanmakuScreenTests.xctest */ = {isa = PBXFileReference; explicitFileType = wrapper.cfbundle; includeInIndex = 0; path = DanmakuScreenTests.xctest; sourceTree = BUILT_PRODUCTS_DIR; };
		4FB0E52B225A676F00EFACB0 /* DanmakuScreenTests.swift */ = {isa = PBXFileReference; lastKnownFileType = sourcecode.swift; path = DanmakuScreenTests.swift; sourceTree = "<group>"; };
		4FB0E52D225A676F00EFACB0 /* Info.plist */ = {isa = PBXFileReference; lastKnownFileType = text.plist.xml; path = Info.plist; sourceTree = "<group>"; };
		4FB0E536225A6B2D00EFACB0 /* BiliBiliHaishinPacket.swift */ = {isa = PBXFileReference; lastKnownFileType = sourcecode.swift; path = BiliBiliHaishinPacket.swift; sourceTree = "<group>"; };
		4FB0E538225A6B6C00EFACB0 /* ByteArray.swift */ = {isa = PBXFileReference; fileEncoding = 4; lastKnownFileType = sourcecode.swift; path = ByteArray.swift; sourceTree = "<group>"; };
		4FB0E53B225A6BAA00EFACB0 /* ExpressibleByIntegerLiteral+Extension.swift */ = {isa = PBXFileReference; fileEncoding = 4; lastKnownFileType = sourcecode.swift; path = "ExpressibleByIntegerLiteral+Extension.swift"; sourceTree = "<group>"; };
		4FB0E53F225A75F100EFACB0 /* BiliBiliHaishinRoomDelegate.swift */ = {isa = PBXFileReference; lastKnownFileType = sourcecode.swift; path = BiliBiliHaishinRoomDelegate.swift; sourceTree = "<group>"; };
		4FB0E542225A7B7F00EFACB0 /* BiliBiliHaishinPacketDispatcher.swift */ = {isa = PBXFileReference; lastKnownFileType = sourcecode.swift; path = BiliBiliHaishinPacketDispatcher.swift; sourceTree = "<group>"; };
		4FB0E545225B05C200EFACB0 /* BiliBiliHaishinPacketDispatcherDelegate.swift */ = {isa = PBXFileReference; lastKnownFileType = sourcecode.swift; path = BiliBiliHaishinPacketDispatcherDelegate.swift; sourceTree = "<group>"; };
		4FB0E54A225B349100EFACB0 /* SnapKit.framework */ = {isa = PBXFileReference; explicitFileType = wrapper.framework; path = SnapKit.framework; sourceTree = BUILT_PRODUCTS_DIR; };
		4FB0E550225B34F300EFACB0 /* DanmakuView.swift */ = {isa = PBXFileReference; lastKnownFileType = sourcecode.swift; path = DanmakuView.swift; sourceTree = "<group>"; };
		4FB0E552225B350400EFACB0 /* DanmakuBoardView.swift */ = {isa = PBXFileReference; lastKnownFileType = sourcecode.swift; path = DanmakuBoardView.swift; sourceTree = "<group>"; };
		4FB0E555225B354600EFACB0 /* DanmakuViewController.swift */ = {isa = PBXFileReference; lastKnownFileType = sourcecode.swift; path = DanmakuViewController.swift; sourceTree = "<group>"; };
		4FB0E558225B359F00EFACB0 /* DanmakuModel.swift */ = {isa = PBXFileReference; lastKnownFileType = sourcecode.swift; path = DanmakuModel.swift; sourceTree = "<group>"; };
		4FB0E55A225B3FE300EFACB0 /* BiliBiliHaishinRoomOpenViewController.swift */ = {isa = PBXFileReference; lastKnownFileType = sourcecode.swift; path = BiliBiliHaishinRoomOpenViewController.swift; sourceTree = "<group>"; };
		4FB4D379225C7455000EC9B3 /* DataCompression.swift */ = {isa = PBXFileReference; fileEncoding = 4; lastKnownFileType = sourcecode.swift; path = DataCompression.swift; sourceTree = "<group>"; };
/* End PBXFileReference section */

/* Begin PBXFrameworksBuildPhase section */
		4FB0E501225A5D4400EFACB0 /* Frameworks */ = {
			isa = PBXFrameworksBuildPhase;
			buildActionMask = 2147483647;
			files = (
				4FB0E51A225A634C00EFACB0 /* Starscream.framework in Frameworks */,
				4FB0E54B225B349100EFACB0 /* SnapKit.framework in Frameworks */,
			);
			runOnlyForDeploymentPostprocessing = 0;
		};
		4FB0E526225A676F00EFACB0 /* Frameworks */ = {
			isa = PBXFrameworksBuildPhase;
			buildActionMask = 2147483647;
			files = (
			);
			runOnlyForDeploymentPostprocessing = 0;
		};
/* End PBXFrameworksBuildPhase section */

/* Begin PBXGroup section */
		4FB0E4FB225A5D4400EFACB0 = {
			isa = PBXGroup;
			children = (
				4FB0E54A225B349100EFACB0 /* SnapKit.framework */,
				4FB0E519225A634C00EFACB0 /* Starscream.framework */,
				4FB0E506225A5D4400EFACB0 /* DanmakuScreen */,
				4FB0E52A225A676F00EFACB0 /* DanmakuScreenTests */,
				4FB0E505225A5D4400EFACB0 /* Products */,
			);
			sourceTree = "<group>";
		};
		4FB0E505225A5D4400EFACB0 /* Products */ = {
			isa = PBXGroup;
			children = (
				4FB0E504225A5D4400EFACB0 /* DanmakuScreen.app */,
				4FB0E529225A676F00EFACB0 /* DanmakuScreenTests.xctest */,
			);
			name = Products;
			sourceTree = "<group>";
		};
		4FB0E506225A5D4400EFACB0 /* DanmakuScreen */ = {
			isa = PBXGroup;
			children = (
				4FB0E548225B2EBC00EFACB0 /* Classes */,
				4FB0E51F225A64DD00EFACB0 /* Utils */,
				4FB0E518225A5DAA00EFACB0 /* BiliBiliHaishinRoom */,
				4FB0E517225A5D9A00EFACB0 /* BiliBiliHaishinPacket */,
				4FB0E507225A5D4400EFACB0 /* AppDelegate.swift */,
				4FB0E50B225A5D4600EFACB0 /* Assets.xcassets */,
				4FB0E50D225A5D4600EFACB0 /* Main.storyboard */,
				4FB0E510225A5D4600EFACB0 /* Info.plist */,
				4FB0E511225A5D4600EFACB0 /* DanmakuScreen.entitlements */,
			);
			path = DanmakuScreen;
			sourceTree = "<group>";
		};
		4FB0E517225A5D9A00EFACB0 /* BiliBiliHaishinPacket */ = {
			isa = PBXGroup;
			children = (
				4FB0E544225B05A200EFACB0 /* Packet */,
				4FB0E542225A7B7F00EFACB0 /* BiliBiliHaishinPacketDispatcher.swift */,
				4FB0E545225B05C200EFACB0 /* BiliBiliHaishinPacketDispatcherDelegate.swift */,
			);
			path = BiliBiliHaishinPacket;
			sourceTree = "<group>";
		};
		4FB0E518225A5DAA00EFACB0 /* BiliBiliHaishinRoom */ = {
			isa = PBXGroup;
			children = (
				4FB0E522225A65E900EFACB0 /* Model */,
				4FB0E51D225A63BE00EFACB0 /* BiliBiliHaishinRoom.swift */,
				4FB0E53F225A75F100EFACB0 /* BiliBiliHaishinRoomDelegate.swift */,
			);
			path = BiliBiliHaishinRoom;
			sourceTree = "<group>";
		};
		4FB0E51F225A64DD00EFACB0 /* Utils */ = {
			isa = PBXGroup;
			children = (
				4FB0E53B225A6BAA00EFACB0 /* ExpressibleByIntegerLiteral+Extension.swift */,
				4FB0E538225A6B6C00EFACB0 /* ByteArray.swift */,
				4FB0E520225A64E800EFACB0 /* URLSessionSync.swift */,
				4FB4D379225C7455000EC9B3 /* DataCompression.swift */,
			);
			path = Utils;
			sourceTree = "<group>";
		};
		4FB0E522225A65E900EFACB0 /* Model */ = {
			isa = PBXGroup;
			children = (
				4FB0E523225A660400EFACB0 /* BiliBiliHaishinRoomJSON.swift */,
			);
			path = Model;
			sourceTree = "<group>";
		};
		4FB0E52A225A676F00EFACB0 /* DanmakuScreenTests */ = {
			isa = PBXGroup;
			children = (
				4FB0E52B225A676F00EFACB0 /* DanmakuScreenTests.swift */,
				4FB0E52D225A676F00EFACB0 /* Info.plist */,
			);
			path = DanmakuScreenTests;
			sourceTree = "<group>";
		};
		4FB0E544225B05A200EFACB0 /* Packet */ = {
			isa = PBXGroup;
			children = (
				4FB0E536225A6B2D00EFACB0 /* BiliBiliHaishinPacket.swift */,
			);
			path = Packet;
			sourceTree = "<group>";
		};
		4FB0E548225B2EBC00EFACB0 /* Classes */ = {
			isa = PBXGroup;
			children = (
				4FB0E54D225B34B200EFACB0 /* DanmakuBoard */,
				4FB0E555225B354600EFACB0 /* DanmakuViewController.swift */,
				4FB0E55A225B3FE300EFACB0 /* BiliBiliHaishinRoomOpenViewController.swift */,
			);
			path = Classes;
			sourceTree = "<group>";
		};
		4FB0E54D225B34B200EFACB0 /* DanmakuBoard */ = {
			isa = PBXGroup;
			children = (
				4FB0E54F225B34CE00EFACB0 /* Model */,
				4FB0E54E225B34C600EFACB0 /* View */,
				4FB0E552225B350400EFACB0 /* DanmakuBoardView.swift */,
			);
			path = DanmakuBoard;
			sourceTree = "<group>";
		};
		4FB0E54E225B34C600EFACB0 /* View */ = {
			isa = PBXGroup;
			children = (
				4FB0E550225B34F300EFACB0 /* DanmakuView.swift */,
			);
			path = View;
			sourceTree = "<group>";
		};
		4FB0E54F225B34CE00EFACB0 /* Model */ = {
			isa = PBXGroup;
			children = (
				4FB0E558225B359F00EFACB0 /* DanmakuModel.swift */,
			);
			path = Model;
			sourceTree = "<group>";
		};
/* End PBXGroup section */

/* Begin PBXNativeTarget section */
		4FB0E503225A5D4400EFACB0 /* DanmakuScreen */ = {
			isa = PBXNativeTarget;
			buildConfigurationList = 4FB0E514225A5D4600EFACB0 /* Build configuration list for PBXNativeTarget "DanmakuScreen" */;
			buildPhases = (
				4FB0E500225A5D4400EFACB0 /* Sources */,
				4FB0E501225A5D4400EFACB0 /* Frameworks */,
				4FB0E502225A5D4400EFACB0 /* Resources */,
				4FB0E51C225A634C00EFACB0 /* Embed Frameworks */,
			);
			buildRules = (
			);
			dependencies = (
			);
			name = DanmakuScreen;
			productName = DanmakuScreen;
			productReference = 4FB0E504225A5D4400EFACB0 /* DanmakuScreen.app */;
			productType = "com.apple.product-type.application";
		};
		4FB0E528225A676F00EFACB0 /* DanmakuScreenTests */ = {
			isa = PBXNativeTarget;
			buildConfigurationList = 4FB0E530225A676F00EFACB0 /* Build configuration list for PBXNativeTarget "DanmakuScreenTests" */;
			buildPhases = (
				4FB0E525225A676F00EFACB0 /* Sources */,
				4FB0E526225A676F00EFACB0 /* Frameworks */,
				4FB0E527225A676F00EFACB0 /* Resources */,
			);
			buildRules = (
			);
			dependencies = (
				4FB0E52F225A676F00EFACB0 /* PBXTargetDependency */,
			);
			name = DanmakuScreenTests;
			productName = DanmakuScreenTests;
			productReference = 4FB0E529225A676F00EFACB0 /* DanmakuScreenTests.xctest */;
			productType = "com.apple.product-type.bundle.unit-test";
		};
/* End PBXNativeTarget section */

/* Begin PBXProject section */
		4FB0E4FC225A5D4400EFACB0 /* Project object */ = {
			isa = PBXProject;
			attributes = {
				LastSwiftUpdateCheck = 1020;
				LastUpgradeCheck = 1020;
				ORGANIZATIONNAME = eric3u;
				TargetAttributes = {
					4FB0E503225A5D4400EFACB0 = {
						CreatedOnToolsVersion = 10.2;
						SystemCapabilities = {
							com.apple.Sandbox = {
								enabled = 1;
							};
						};
					};
					4FB0E528225A676F00EFACB0 = {
						CreatedOnToolsVersion = 10.2;
						TestTargetID = 4FB0E503225A5D4400EFACB0;
					};
				};
			};
			buildConfigurationList = 4FB0E4FF225A5D4400EFACB0 /* Build configuration list for PBXProject "DanmakuScreen" */;
			compatibilityVersion = "Xcode 9.3";
			developmentRegion = en;
			hasScannedForEncodings = 0;
			knownRegions = (
				en,
				Base,
			);
			mainGroup = 4FB0E4FB225A5D4400EFACB0;
			productRefGroup = 4FB0E505225A5D4400EFACB0 /* Products */;
			projectDirPath = "";
			projectRoot = "";
			targets = (
				4FB0E503225A5D4400EFACB0 /* DanmakuScreen */,
				4FB0E528225A676F00EFACB0 /* DanmakuScreenTests */,
			);
		};
/* End PBXProject section */

/* Begin PBXResourcesBuildPhase section */
		4FB0E502225A5D4400EFACB0 /* Resources */ = {
			isa = PBXResourcesBuildPhase;
			buildActionMask = 2147483647;
			files = (
				4FB0E50C225A5D4600EFACB0 /* Assets.xcassets in Resources */,
				4FB0E50F225A5D4600EFACB0 /* Main.storyboard in Resources */,
			);
			runOnlyForDeploymentPostprocessing = 0;
		};
		4FB0E527225A676F00EFACB0 /* Resources */ = {
			isa = PBXResourcesBuildPhase;
			buildActionMask = 2147483647;
			files = (
			);
			runOnlyForDeploymentPostprocessing = 0;
		};
/* End PBXResourcesBuildPhase section */

/* Begin PBXSourcesBuildPhase section */
		4FB0E500225A5D4400EFACB0 /* Sources */ = {
			isa = PBXSourcesBuildPhase;
			buildActionMask = 2147483647;
			files = (
				4FB0E55B225B3FE300EFACB0 /* BiliBiliHaishinRoomOpenViewController.swift in Sources */,
				4FB0E556225B354600EFACB0 /* DanmakuViewController.swift in Sources */,
				4FB0E553225B350400EFACB0 /* DanmakuBoardView.swift in Sources */,
				4FB0E537225A6B2D00EFACB0 /* BiliBiliHaishinPacket.swift in Sources */,
				4FB0E539225A6B6C00EFACB0 /* ByteArray.swift in Sources */,
				4FB0E53C225A6BAA00EFACB0 /* ExpressibleByIntegerLiteral+Extension.swift in Sources */,
				4FB0E524225A660400EFACB0 /* BiliBiliHaishinRoomJSON.swift in Sources */,
				4FB0E508225A5D4400EFACB0 /* AppDelegate.swift in Sources */,
				4FB0E546225B05C200EFACB0 /* BiliBiliHaishinPacketDispatcherDelegate.swift in Sources */,
				4FB0E51E225A63BE00EFACB0 /* BiliBiliHaishinRoom.swift in Sources */,
				4FB0E559225B359F00EFACB0 /* DanmakuModel.swift in Sources */,
				4FB0E551225B34F300EFACB0 /* DanmakuView.swift in Sources */,
				4FB4D37A225C7455000EC9B3 /* DataCompression.swift in Sources */,
				4FB0E543225A7B7F00EFACB0 /* BiliBiliHaishinPacketDispatcher.swift in Sources */,
				4FB0E521225A64E800EFACB0 /* URLSessionSync.swift in Sources */,
				4FB0E540225A75F100EFACB0 /* BiliBiliHaishinRoomDelegate.swift in Sources */,
			);
			runOnlyForDeploymentPostprocessing = 0;
		};
		4FB0E525225A676F00EFACB0 /* Sources */ = {
			isa = PBXSourcesBuildPhase;
			buildActionMask = 2147483647;
			files = (
				4FB0E541225A769B00EFACB0 /* BiliBiliHaishinRoomDelegate.swift in Sources */,
				4FB0E53E225A717E00EFACB0 /* ExpressibleByIntegerLiteral+Extension.swift in Sources */,
				4FB0E52C225A676F00EFACB0 /* DanmakuScreenTests.swift in Sources */,
				4FB0E547225B06C700EFACB0 /* BiliBiliHaishinPacketDispatcher.swift in Sources */,
				4FB4D37B225C74AF000EC9B3 /* DataCompression.swift in Sources */,
				4FB0E534225A67F600EFACB0 /* BiliBiliHaishinRoomJSON.swift in Sources */,
				4FB0E53A225A6B6F00EFACB0 /* ByteArray.swift in Sources */,
				4FB0E533225A67F300EFACB0 /* BiliBiliHaishinRoom.swift in Sources */,
				4FB0E53D225A717600EFACB0 /* BiliBiliHaishinPacket.swift in Sources */,
				4FB0E535225A67FB00EFACB0 /* URLSessionSync.swift in Sources */,
			);
			runOnlyForDeploymentPostprocessing = 0;
		};
/* End PBXSourcesBuildPhase section */

/* Begin PBXTargetDependency section */
		4FB0E52F225A676F00EFACB0 /* PBXTargetDependency */ = {
			isa = PBXTargetDependency;
			target = 4FB0E503225A5D4400EFACB0 /* DanmakuScreen */;
			targetProxy = 4FB0E52E225A676F00EFACB0 /* PBXContainerItemProxy */;
		};
/* End PBXTargetDependency section */

/* Begin PBXVariantGroup section */
		4FB0E50D225A5D4600EFACB0 /* Main.storyboard */ = {
			isa = PBXVariantGroup;
			children = (
				4FB0E50E225A5D4600EFACB0 /* Base */,
			);
			name = Main.storyboard;
			sourceTree = "<group>";
		};
/* End PBXVariantGroup section */

/* Begin XCBuildConfiguration section */
		4FB0E512225A5D4600EFACB0 /* Debug */ = {
			isa = XCBuildConfiguration;
			buildSettings = {
				ALWAYS_SEARCH_USER_PATHS = NO;
				CLANG_ANALYZER_NONNULL = YES;
				CLANG_ANALYZER_NUMBER_OBJECT_CONVERSION = YES_AGGRESSIVE;
				CLANG_CXX_LANGUAGE_STANDARD = "gnu++14";
				CLANG_CXX_LIBRARY = "libc++";
				CLANG_ENABLE_MODULES = YES;
				CLANG_ENABLE_OBJC_ARC = YES;
				CLANG_ENABLE_OBJC_WEAK = YES;
				CLANG_WARN_BLOCK_CAPTURE_AUTORELEASING = YES;
				CLANG_WARN_BOOL_CONVERSION = YES;
				CLANG_WARN_COMMA = YES;
				CLANG_WARN_CONSTANT_CONVERSION = YES;
				CLANG_WARN_DEPRECATED_OBJC_IMPLEMENTATIONS = YES;
				CLANG_WARN_DIRECT_OBJC_ISA_USAGE = YES_ERROR;
				CLANG_WARN_DOCUMENTATION_COMMENTS = YES;
				CLANG_WARN_EMPTY_BODY = YES;
				CLANG_WARN_ENUM_CONVERSION = YES;
				CLANG_WARN_INFINITE_RECURSION = YES;
				CLANG_WARN_INT_CONVERSION = YES;
				CLANG_WARN_NON_LITERAL_NULL_CONVERSION = YES;
				CLANG_WARN_OBJC_IMPLICIT_RETAIN_SELF = YES;
				CLANG_WARN_OBJC_LITERAL_CONVERSION = YES;
				CLANG_WARN_OBJC_ROOT_CLASS = YES_ERROR;
				CLANG_WARN_RANGE_LOOP_ANALYSIS = YES;
				CLANG_WARN_STRICT_PROTOTYPES = YES;
				CLANG_WARN_SUSPICIOUS_MOVE = YES;
				CLANG_WARN_UNGUARDED_AVAILABILITY = YES_AGGRESSIVE;
				CLANG_WARN_UNREACHABLE_CODE = YES;
				CLANG_WARN__DUPLICATE_METHOD_MATCH = YES;
				CODE_SIGN_IDENTITY = "Mac Developer";
				COPY_PHASE_STRIP = NO;
				DEBUG_INFORMATION_FORMAT = dwarf;
				ENABLE_STRICT_OBJC_MSGSEND = YES;
				ENABLE_TESTABILITY = YES;
				GCC_C_LANGUAGE_STANDARD = gnu11;
				GCC_DYNAMIC_NO_PIC = NO;
				GCC_NO_COMMON_BLOCKS = YES;
				GCC_OPTIMIZATION_LEVEL = 0;
				GCC_PREPROCESSOR_DEFINITIONS = (
					"DEBUG=1",
					"$(inherited)",
				);
				GCC_WARN_64_TO_32_BIT_CONVERSION = YES;
				GCC_WARN_ABOUT_RETURN_TYPE = YES_ERROR;
				GCC_WARN_UNDECLARED_SELECTOR = YES;
				GCC_WARN_UNINITIALIZED_AUTOS = YES_AGGRESSIVE;
				GCC_WARN_UNUSED_FUNCTION = YES;
				GCC_WARN_UNUSED_VARIABLE = YES;
				MACOSX_DEPLOYMENT_TARGET = 10.14;
				MTL_ENABLE_DEBUG_INFO = INCLUDE_SOURCE;
				MTL_FAST_MATH = YES;
				ONLY_ACTIVE_ARCH = YES;
				SDKROOT = macosx;
				SWIFT_ACTIVE_COMPILATION_CONDITIONS = DEBUG;
				SWIFT_OPTIMIZATION_LEVEL = "-Onone";
			};
			name = Debug;
		};
		4FB0E513225A5D4600EFACB0 /* Release */ = {
			isa = XCBuildConfiguration;
			buildSettings = {
				ALWAYS_SEARCH_USER_PATHS = NO;
				CLANG_ANALYZER_NONNULL = YES;
				CLANG_ANALYZER_NUMBER_OBJECT_CONVERSION = YES_AGGRESSIVE;
				CLANG_CXX_LANGUAGE_STANDARD = "gnu++14";
				CLANG_CXX_LIBRARY = "libc++";
				CLANG_ENABLE_MODULES = YES;
				CLANG_ENABLE_OBJC_ARC = YES;
				CLANG_ENABLE_OBJC_WEAK = YES;
				CLANG_WARN_BLOCK_CAPTURE_AUTORELEASING = YES;
				CLANG_WARN_BOOL_CONVERSION = YES;
				CLANG_WARN_COMMA = YES;
				CLANG_WARN_CONSTANT_CONVERSION = YES;
				CLANG_WARN_DEPRECATED_OBJC_IMPLEMENTATIONS = YES;
				CLANG_WARN_DIRECT_OBJC_ISA_USAGE = YES_ERROR;
				CLANG_WARN_DOCUMENTATION_COMMENTS = YES;
				CLANG_WARN_EMPTY_BODY = YES;
				CLANG_WARN_ENUM_CONVERSION = YES;
				CLANG_WARN_INFINITE_RECURSION = YES;
				CLANG_WARN_INT_CONVERSION = YES;
				CLANG_WARN_NON_LITERAL_NULL_CONVERSION = YES;
				CLANG_WARN_OBJC_IMPLICIT_RETAIN_SELF = YES;
				CLANG_WARN_OBJC_LITERAL_CONVERSION = YES;
				CLANG_WARN_OBJC_ROOT_CLASS = YES_ERROR;
				CLANG_WARN_RANGE_LOOP_ANALYSIS = YES;
				CLANG_WARN_STRICT_PROTOTYPES = YES;
				CLANG_WARN_SUSPICIOUS_MOVE = YES;
				CLANG_WARN_UNGUARDED_AVAILABILITY = YES_AGGRESSIVE;
				CLANG_WARN_UNREACHABLE_CODE = YES;
				CLANG_WARN__DUPLICATE_METHOD_MATCH = YES;
				CODE_SIGN_IDENTITY = "Mac Developer";
				COPY_PHASE_STRIP = NO;
				DEBUG_INFORMATION_FORMAT = "dwarf-with-dsym";
				ENABLE_NS_ASSERTIONS = NO;
				ENABLE_STRICT_OBJC_MSGSEND = YES;
				GCC_C_LANGUAGE_STANDARD = gnu11;
				GCC_NO_COMMON_BLOCKS = YES;
				GCC_WARN_64_TO_32_BIT_CONVERSION = YES;
				GCC_WARN_ABOUT_RETURN_TYPE = YES_ERROR;
				GCC_WARN_UNDECLARED_SELECTOR = YES;
				GCC_WARN_UNINITIALIZED_AUTOS = YES_AGGRESSIVE;
				GCC_WARN_UNUSED_FUNCTION = YES;
				GCC_WARN_UNUSED_VARIABLE = YES;
				MACOSX_DEPLOYMENT_TARGET = 10.14;
				MTL_ENABLE_DEBUG_INFO = NO;
				MTL_FAST_MATH = YES;
				SDKROOT = macosx;
				SWIFT_COMPILATION_MODE = wholemodule;
				SWIFT_OPTIMIZATION_LEVEL = "-O";
			};
			name = Release;
		};
		4FB0E515225A5D4600EFACB0 /* Debug */ = {
			isa = XCBuildConfiguration;
			buildSettings = {
				ASSETCATALOG_COMPILER_APPICON_NAME = AppIcon;
				CODE_SIGN_ENTITLEMENTS = DanmakuScreen/DanmakuScreen.entitlements;
				CODE_SIGN_STYLE = Automatic;
				COMBINE_HIDPI_IMAGES = YES;
				DEVELOPMENT_TEAM = 2VQ94C2355;
				INFOPLIST_FILE = DanmakuScreen/Info.plist;
				LD_RUNPATH_SEARCH_PATHS = (
					"$(inherited)",
					"@executable_path/../Frameworks",
				);
				MACOSX_DEPLOYMENT_TARGET = 10.13;
				PRODUCT_BUNDLE_IDENTIFIER = com.eric3u.DanmakuScreen;
				PRODUCT_NAME = "$(TARGET_NAME)";
				SWIFT_VERSION = 5.0;
			};
			name = Debug;
		};
		4FB0E516225A5D4600EFACB0 /* Release */ = {
			isa = XCBuildConfiguration;
			buildSettings = {
				ASSETCATALOG_COMPILER_APPICON_NAME = AppIcon;
				CODE_SIGN_ENTITLEMENTS = DanmakuScreen/DanmakuScreen.entitlements;
				CODE_SIGN_STYLE = Automatic;
				COMBINE_HIDPI_IMAGES = YES;
				DEVELOPMENT_TEAM = 2VQ94C2355;
				INFOPLIST_FILE = DanmakuScreen/Info.plist;
				LD_RUNPATH_SEARCH_PATHS = (
					"$(inherited)",
					"@executable_path/../Frameworks",
				);
				MACOSX_DEPLOYMENT_TARGET = 10.13;
				PRODUCT_BUNDLE_IDENTIFIER = com.eric3u.DanmakuScreen;
				PRODUCT_NAME = "$(TARGET_NAME)";
				SWIFT_VERSION = 5.0;
			};
			name = Release;
		};
		4FB0E531225A676F00EFACB0 /* Debug */ = {
			isa = XCBuildConfiguration;
			buildSettings = {
				BUNDLE_LOADER = "$(TEST_HOST)";
				CODE_SIGN_STYLE = Automatic;
				COMBINE_HIDPI_IMAGES = YES;
				DEVELOPMENT_TEAM = 2VQ94C2355;
				INFOPLIST_FILE = DanmakuScreenTests/Info.plist;
				LD_RUNPATH_SEARCH_PATHS = (
					"$(inherited)",
					"@executable_path/../Frameworks",
					"@loader_path/../Frameworks",
				);
				PRODUCT_BUNDLE_IDENTIFIER = com.eric3u.DanmakuScreenTests;
				PRODUCT_NAME = "$(TARGET_NAME)";
				SWIFT_VERSION = 5.0;
				TEST_HOST = "$(BUILT_PRODUCTS_DIR)/DanmakuScreen.app/Contents/MacOS/DanmakuScreen";
			};
			name = Debug;
		};
		4FB0E532225A676F00EFACB0 /* Release */ = {
			isa = XCBuildConfiguration;
			buildSettings = {
				BUNDLE_LOADER = "$(TEST_HOST)";
				CODE_SIGN_STYLE = Automatic;
				COMBINE_HIDPI_IMAGES = YES;
				DEVELOPMENT_TEAM = 2VQ94C2355;
				INFOPLIST_FILE = DanmakuScreenTests/Info.plist;
				LD_RUNPATH_SEARCH_PATHS = (
					"$(inherited)",
					"@executable_path/../Frameworks",
					"@loader_path/../Frameworks",
				);
				PRODUCT_BUNDLE_IDENTIFIER = com.eric3u.DanmakuScreenTests;
				PRODUCT_NAME = "$(TARGET_NAME)";
				SWIFT_VERSION = 5.0;
				TEST_HOST = "$(BUILT_PRODUCTS_DIR)/DanmakuScreen.app/Contents/MacOS/DanmakuScreen";
			};
			name = Release;
		};
/* End XCBuildConfiguration section */

/* Begin XCConfigurationList section */
		4FB0E4FF225A5D4400EFACB0 /* Build configuration list for PBXProject "DanmakuScreen" */ = {
			isa = XCConfigurationList;
			buildConfigurations = (
				4FB0E512225A5D4600EFACB0 /* Debug */,
				4FB0E513225A5D4600EFACB0 /* Release */,
			);
			defaultConfigurationIsVisible = 0;
			defaultConfigurationName = Release;
		};
		4FB0E514225A5D4600EFACB0 /* Build configuration list for PBXNativeTarget "DanmakuScreen" */ = {
			isa = XCConfigurationList;
			buildConfigurations = (
				4FB0E515225A5D4600EFACB0 /* Debug */,
				4FB0E516225A5D4600EFACB0 /* Release */,
			);
			defaultConfigurationIsVisible = 0;
			defaultConfigurationName = Release;
		};
		4FB0E530225A676F00EFACB0 /* Build configuration list for PBXNativeTarget "DanmakuScreenTests" */ = {
			isa = XCConfigurationList;
			buildConfigurations = (
				4FB0E531225A676F00EFACB0 /* Debug */,
				4FB0E532225A676F00EFACB0 /* Release */,
			);
			defaultConfigurationIsVisible = 0;
			defaultConfigurationName = Release;
		};
/* End XCConfigurationList section */
	};
	rootObject = 4FB0E4FC225A5D4400EFACB0 /* Project object */;
}
